// !$*UTF8*$!
{
	archiveVersion = 1;
	classes = {
	};
	objectVersion = 46;
	objects = {

/* Begin PBXBuildFile section */
		0FEE51A91C0EF5410065D459 /* main.c in Sources */ = {isa = PBXBuildFile; fileRef = 0FEE51A81C0EF5410065D459 /* main.c */; };
/* End PBXBuildFile section */

/* Begin PBXCopyFilesBuildPhase section */
		0FEE51A31C0EF5410065D459 /* CopyFiles */ = {
			isa = PBXCopyFilesBuildPhase;
			buildActionMask = 2147483647;
			dstPath = /usr/share/man/man1/;
			dstSubfolderSpec = 0;
			files = (
			);
			runOnlyForDeploymentPostprocessing = 1;
		};
/* End PBXCopyFilesBuildPhase section */

/* Begin PBXFileReference section */
		0FEE51A51C0EF5410065D459 /* c_05(作业) */ = {isa = PBXFileReference; explicitFileType = "compiled.mach-o.executable"; includeInIndex = 0; path = "c_05(作业)"; sourceTree = BUILT_PRODUCTS_DIR; };
		0FEE51A81C0EF5410065D459 /* main.c */ = {isa = PBXFileReference; lastKnownFileType = sourcecode.c.c; path = main.c; sourceTree = "<group>"; };
/* End PBXFileReference section */

/* Begin PBXFrameworksBuildPhase section */
		0FEE51A21C0EF5410065D459 /* Frameworks */ = {
			isa = PBXFrameworksBuildPhase;
			buildActionMask = 2147483647;
			files = (
			);
			runOnlyForDeploymentPostprocessing = 0;
		};
/* End PBXFrameworksBuildPhase section */

/* Begin PBXGroup section */
		0FEE519C1C0EF5410065D459 = {
			isa = PBXGroup;
			children = (
				0FEE51A71C0EF5410065D459 /* c_05(作业) */,
				0FEE51A61C0EF5410065D459 /* Products */,
			);
			sourceTree = "<group>";
		};
		0FEE51A61C0EF5410065D459 /* Products */ = {
			isa = PBXGroup;
			children = (
				0FEE51A51C0EF5410065D459 /* c_05(作业) */,
			);
			name = Products;
			sourceTree = "<group>";
		};
		0FEE51A71C0EF5410065D459 /* c_05(作业) */ = {
			isa = PBXGroup;
			children = (
				0FEE51A81C0EF5410065D459 /* main.c */,
			);
			path = "c_05(作业)";
			sourceTree = "<group>";
		};
/* End PBXGroup section */

/* Begin PBXNativeTarget section */
		0FEE51A41C0EF5410065D459 /* c_05(作业) */ = {
			isa = PBXNativeTarget;
			buildConfigurationList = 0FEE51AC1C0EF5420065D459 /* Build configuration list for PBXNativeTarget "c_05(作业)" */;
			buildPhases = (
				0FEE51A11C0EF5410065D459 /* Sources */,
				0FEE51A21C0EF5410065D459 /* Frameworks */,
				0FEE51A31C0EF5410065D459 /* CopyFiles */,
			);
			buildRules = (
			);
			dependencies = (
			);
			name = "c_05(作业)";
			productName = "c_05(作业)";
			productReference = 0FEE51A51C0EF5410065D459 /* c_05(作业) */;
			productType = "com.apple.product-type.tool";
		};
/* End PBXNativeTarget section */

/* Begin PBXProject section */
		0FEE519D1C0EF5410065D459 /* Project object */ = {
			isa = PBXProject;
			attributes = {
				LastUpgradeCheck = 0710;
				ORGANIZATIONNAME = ibokan;
				TargetAttributes = {
					0FEE51A41C0EF5410065D459 = {
						CreatedOnToolsVersion = 7.1;
					};
				};
			};
			buildConfigurationList = 0FEE51A01C0EF5410065D459 /* Build configuration list for PBXProject "c_05(作业)" */;
			compatibilityVersion = "Xcode 3.2";
			developmentRegion = English;
			hasScannedForEncodings = 0;
			knownRegions = (
				en,
			);
			mainGroup = 0FEE519C1C0EF5410065D459;
			productRefGroup = 0FEE51A61C0EF5410065D459 /* Products */;
			projectDirPath = "";
			projectRoot = "";
			targets = (
				0FEE51A41C0EF5410065D459 /* c_05(作业) */,
			);
		};
/* End PBXProject section */

/* Begin PBXSourcesBuildPhase section */
		0FEE51A11C0EF5410065D459 /* Sources */ = {
			isa = PBXSourcesBuildPhase;
			buildActionMask = 2147483647;
			files = (
				0FEE51A91C0EF5410065D459 /* main.c in Sources */,
			);
			runOnlyForDeploymentPostprocessing = 0;
		};
/* End PBXSourcesBuildPhase section */

/* Begin XCBuildConfiguration section */
		0FEE51AA1C0EF5420065D459 /* Debug */ = {
			isa = XCBuildConfiguration;
			buildSettings = {
				ALWAYS_SEARCH_USER_PATHS = NO;
				CLANG_CXX_LANGUAGE_STANDARD = "gnu++0x";
				CLANG_CXX_LIBRARY = "libc++";
				CLANG_ENABLE_MODULES = YES;
				CLANG_ENABLE_OBJC_ARC = YES;
				CLANG_WARN_BOOL_CONVERSION = YES;
				CLANG_WARN_CONSTANT_CONVERSION = YES;
				CLANG_WARN_DIRECT_OBJC_ISA_USAGE = YES_ERROR;
				CLANG_WARN_EMPTY_BODY = YES;
				CLANG_WARN_ENUM_CONVERSION = YES;
				CLANG_WARN_INT_CONVERSION = YES;
				CLANG_WARN_OBJC_ROOT_CLASS = YES_ERROR;
				CLANG_WARN_UNREACHABLE_CODE = YES;
				CLANG_WARN__DUPLICATE_METHOD_MATCH = YES;
				CODE_SIGN_IDENTITY = "-";
				COPY_PHASE_STRIP = NO;
				DEBUG_INFORMATION_FORMAT = dwarf;
				ENABLE_STRICT_OBJC_MSGSEND = YES;
				ENABLE_TESTABILITY = YES;
				GCC_C_LANGUAGE_STANDARD = gnu99;
				GCC_DYNAMIC_NO_PIC = NO;
				GCC_NO_COMMON_BLOCKS = YES;
				GCC_OPTIMIZATION_LEVEL = 0;
				GCC_PREPROCESSOR_DEFINITIONS = (
					"DEBUG=1",
					"$(inherited)",
				);
				GCC_WARN_64_TO_32_BIT_CONVERSION = YES;
				GCC_WARN_ABOUT_RETURN_TYPE = YES_ERROR;
				GCC_WARN_UNDECLARED_SELECTOR = YES;
				GCC_WARN_UNINITIALIZED_AUTOS = YES_AGGRESSIVE;
				GCC_WARN_UNUSED_FUNCTION = YES;
				GCC_WARN_UNUSED_VARIABLE = YES;
				MACOSX_DEPLOYMENT_TARGET = 10.11;
				MTL_ENABLE_DEBUG_INFO = YES;
				ONLY_ACTIVE_ARCH = YES;
				SDKROOT = macosx;
			};
			name = Debug;
		};
		0FEE51AB1C0EF5420065D459 /* Release */ = {
			isa = XCBuildConfiguration;
			buildSettings = {
				ALWAYS_SEARCH_USER_PATHS = NO;
				CLANG_CXX_LANGUAGE_STANDARD = "gnu++0x";
				CLANG_CXX_LIBRARY = "libc++";
				CLANG_ENABLE_MODULES = YES;
				CLANG_ENABLE_OBJC_ARC = YES;
				CLANG_WARN_BOOL_CONVERSION = YES;
				CLANG_WARN_CONSTANT_CONVERSION = YES;
				CLANG_WARN_DIRECT_OBJC_ISA_USAGE = YES_ERROR;
				CLANG_WARN_EMPTY_BODY = YES;
				CLANG_WARN_ENUM_CONVERSION = YES;
				CLANG_WARN_INT_CONVERSION = YES;
				CLANG_WARN_OBJC_ROOT_CLASS = YES_ERROR;
				CLANG_WARN_UNREACHABLE_CODE = YES;
				CLANG_WARN__DUPLICATE_METHOD_MATCH = YES;
				CODE_SIGN_IDENTITY = "-";
				COPY_PHASE_STRIP = NO;
				DEBUG_INFORMATION_FORMAT = "dwarf-with-dsym";
				ENABLE_NS_ASSERTIONS = NO;
				ENABLE_STRICT_OBJC_MSGSEND = YES;
				GCC_C_LANGUAGE_STANDARD = gnu99;
				GCC_NO_COMMON_BLOCKS = YES;
				GCC_WARN_64_TO_32_BIT_CONVERSION = YES;
				GCC_WARN_ABOUT_RETURN_TYPE = YES_ERROR;
				GCC_WARN_UNDECLARED_SELECTOR = YES;
				GCC_WARN_UNINITIALIZED_AUTOS = YES_AGGRESSIVE;
				GCC_WARN_UNUSED_FUNCTION = YES;
				GCC_WARN_UNUSED_VARIABLE = YES;
				MACOSX_DEPLOYMENT_TARGET = 10.11;
				MTL_ENABLE_DEBUG_INFO = NO;
				SDKROOT = macosx;
			};
			name = Release;
		};
		0FEE51AD1C0EF5420065D459 /* Debug */ = {
			isa = XCBuildConfiguration;
			buildSettings = {
				PRODUCT_NAME = "$(TARGET_NAME)";
			};
			name = Debug;
		};
		0FEE51AE1C0EF5420065D459 /* Release */ = {
			isa = XCBuildConfiguration;
			buildSettings = {
				PRODUCT_NAME = "$(TARGET_NAME)";
			};
			name = Release;
		};
/* End XCBuildConfiguration section */

/* Begin XCConfigurationList section */
		0FEE51A01C0EF5410065D459 /* Build configuration list for PBXProject "c_05(作业)" */ = {
			isa = XCConfigurationList;
			buildConfigurations = (
				0FEE51AA1C0EF5420065D459 /* Debug */,
				0FEE51AB1C0EF5420065D459 /* Release */,
			);
			defaultConfigurationIsVisible = 0;
			defaultConfigurationName = Release;
		};
		0FEE51AC1C0EF5420065D459 /* Build configuration list for PBXNativeTarget "c_05(作业)" */ = {
			isa = XCConfigurationList;
			buildConfigurations = (
				0FEE51AD1C0EF5420065D459 /* Debug */,
				0FEE51AE1C0EF5420065D459 /* Release */,
			);
			defaultConfigurationIsVisible = 0;
		};
/* End XCConfigurationList section */
	};
	rootObject = 0FEE519D1C0EF5410065D459 /* Project object */;
}
