// !$*UTF8*$!
{
	archiveVersion = 1;
	classes = {
	};
	objectVersion = 46;
	objects = {

/* Begin PBXBuildFile section */
		0F16994A1C083D8A00EFB66A /* main.c in Sources */ = {isa = PBXBuildFile; fileRef = 0F1699491C083D8A00EFB66A /* main.c */; };
/* End PBXBuildFile section */

/* Begin PBXCopyFilesBuildPhase section */
		0F1699441C083D8A00EFB66A /* CopyFiles */ = {
			isa = PBXCopyFilesBuildPhase;
			buildActionMask = 2147483647;
			dstPath = /usr/share/man/man1/;
			dstSubfolderSpec = 0;
			files = (
			);
			runOnlyForDeploymentPostprocessing = 1;
		};
/* End PBXCopyFilesBuildPhase section */

/* Begin PBXFileReference section */
		0F1699461C083D8A00EFB66A /* c_3(作业) */ = {isa = PBXFileReference; explicitFileType = "compiled.mach-o.executable"; includeInIndex = 0; path = "c_3(作业)"; sourceTree = BUILT_PRODUCTS_DIR; };
		0F1699491C083D8A00EFB66A /* main.c */ = {isa = PBXFileReference; lastKnownFileType = sourcecode.c.c; path = main.c; sourceTree = "<group>"; };
/* End PBXFileReference section */

/* Begin PBXFrameworksBuildPhase section */
		0F1699431C083D8A00EFB66A /* Frameworks */ = {
			isa = PBXFrameworksBuildPhase;
			buildActionMask = 2147483647;
			files = (
			);
			runOnlyForDeploymentPostprocessing = 0;
		};
/* End PBXFrameworksBuildPhase section */

/* Begin PBXGroup section */
		0F16993D1C083D8A00EFB66A = {
			isa = PBXGroup;
			children = (
				0F1699481C083D8A00EFB66A /* c_3(作业) */,
				0F1699471C083D8A00EFB66A /* Products */,
			);
			sourceTree = "<group>";
		};
		0F1699471C083D8A00EFB66A /* Products */ = {
			isa = PBXGroup;
			children = (
				0F1699461C083D8A00EFB66A /* c_3(作业) */,
			);
			name = Products;
			sourceTree = "<group>";
		};
		0F1699481C083D8A00EFB66A /* c_3(作业) */ = {
			isa = PBXGroup;
			children = (
				0F1699491C083D8A00EFB66A /* main.c */,
			);
			path = "c_3(作业)";
			sourceTree = "<group>";
		};
/* End PBXGroup section */

/* Begin PBXNativeTarget section */
		0F1699451C083D8A00EFB66A /* c_3(作业) */ = {
			isa = PBXNativeTarget;
			buildConfigurationList = 0F16994D1C083D8A00EFB66A /* Build configuration list for PBXNativeTarget "c_3(作业)" */;
			buildPhases = (
				0F1699421C083D8A00EFB66A /* Sources */,
				0F1699431C083D8A00EFB66A /* Frameworks */,
				0F1699441C083D8A00EFB66A /* CopyFiles */,
			);
			buildRules = (
			);
			dependencies = (
			);
			name = "c_3(作业)";
			productName = "c_3(作业)";
			productReference = 0F1699461C083D8A00EFB66A /* c_3(作业) */;
			productType = "com.apple.product-type.tool";
		};
/* End PBXNativeTarget section */

/* Begin PBXProject section */
		0F16993E1C083D8A00EFB66A /* Project object */ = {
			isa = PBXProject;
			attributes = {
				LastUpgradeCheck = 0710;
				ORGANIZATIONNAME = ibokan;
				TargetAttributes = {
					0F1699451C083D8A00EFB66A = {
						CreatedOnToolsVersion = 7.1;
					};
				};
			};
			buildConfigurationList = 0F1699411C083D8A00EFB66A /* Build configuration list for PBXProject "c_3(作业)" */;
			compatibilityVersion = "Xcode 3.2";
			developmentRegion = English;
			hasScannedForEncodings = 0;
			knownRegions = (
				en,
			);
			mainGroup = 0F16993D1C083D8A00EFB66A;
			productRefGroup = 0F1699471C083D8A00EFB66A /* Products */;
			projectDirPath = "";
			projectRoot = "";
			targets = (
				0F1699451C083D8A00EFB66A /* c_3(作业) */,
			);
		};
/* End PBXProject section */

/* Begin PBXSourcesBuildPhase section */
		0F1699421C083D8A00EFB66A /* Sources */ = {
			isa = PBXSourcesBuildPhase;
			buildActionMask = 2147483647;
			files = (
				0F16994A1C083D8A00EFB66A /* main.c in Sources */,
			);
			runOnlyForDeploymentPostprocessing = 0;
		};
/* End PBXSourcesBuildPhase section */

/* Begin XCBuildConfiguration section */
		0F16994B1C083D8A00EFB66A /* Debug */ = {
			isa = XCBuildConfiguration;
			buildSettings = {
				ALWAYS_SEARCH_USER_PATHS = NO;
				CLANG_CXX_LANGUAGE_STANDARD = "gnu++0x";
				CLANG_CXX_LIBRARY = "libc++";
				CLANG_ENABLE_MODULES = YES;
				CLANG_ENABLE_OBJC_ARC = YES;
				CLANG_WARN_BOOL_CONVERSION = YES;
				CLANG_WARN_CONSTANT_CONVERSION = YES;
				CLANG_WARN_DIRECT_OBJC_ISA_USAGE = YES_ERROR;
				CLANG_WARN_EMPTY_BODY = YES;
				CLANG_WARN_ENUM_CONVERSION = YES;
				CLANG_WARN_INT_CONVERSION = YES;
				CLANG_WARN_OBJC_ROOT_CLASS = YES_ERROR;
				CLANG_WARN_UNREACHABLE_CODE = YES;
				CLANG_WARN__DUPLICATE_METHOD_MATCH = YES;
				CODE_SIGN_IDENTITY = "-";
				COPY_PHASE_STRIP = NO;
				DEBUG_INFORMATION_FORMAT = dwarf;
				ENABLE_STRICT_OBJC_MSGSEND = YES;
				ENABLE_TESTABILITY = YES;
				GCC_C_LANGUAGE_STANDARD = gnu99;
				GCC_DYNAMIC_NO_PIC = NO;
				GCC_NO_COMMON_BLOCKS = YES;
				GCC_OPTIMIZATION_LEVEL = 0;
				GCC_PREPROCESSOR_DEFINITIONS = (
					"DEBUG=1",
					"$(inherited)",
				);
				GCC_WARN_64_TO_32_BIT_CONVERSION = YES;
				GCC_WARN_ABOUT_RETURN_TYPE = YES_ERROR;
				GCC_WARN_UNDECLARED_SELECTOR = YES;
				GCC_WARN_UNINITIALIZED_AUTOS = YES_AGGRESSIVE;
				GCC_WARN_UNUSED_FUNCTION = YES;
				GCC_WARN_UNUSED_VARIABLE = YES;
				MACOSX_DEPLOYMENT_TARGET = 10.11;
				MTL_ENABLE_DEBUG_INFO = YES;
				ONLY_ACTIVE_ARCH = YES;
				SDKROOT = macosx;
			};
			name = Debug;
		};
		0F16994C1C083D8A00EFB66A /* Release */ = {
			isa = XCBuildConfiguration;
			buildSettings = {
				ALWAYS_SEARCH_USER_PATHS = NO;
				CLANG_CXX_LANGUAGE_STANDARD = "gnu++0x";
				CLANG_CXX_LIBRARY = "libc++";
				CLANG_ENABLE_MODULES = YES;
				CLANG_ENABLE_OBJC_ARC = YES;
				CLANG_WARN_BOOL_CONVERSION = YES;
				CLANG_WARN_CONSTANT_CONVERSION = YES;
				CLANG_WARN_DIRECT_OBJC_ISA_USAGE = YES_ERROR;
				CLANG_WARN_EMPTY_BODY = YES;
				CLANG_WARN_ENUM_CONVERSION = YES;
				CLANG_WARN_INT_CONVERSION = YES;
				CLANG_WARN_OBJC_ROOT_CLASS = YES_ERROR;
				CLANG_WARN_UNREACHABLE_CODE = YES;
				CLANG_WARN__DUPLICATE_METHOD_MATCH = YES;
				CODE_SIGN_IDENTITY = "-";
				COPY_PHASE_STRIP = NO;
				DEBUG_INFORMATION_FORMAT = "dwarf-with-dsym";
				ENABLE_NS_ASSERTIONS = NO;
				ENABLE_STRICT_OBJC_MSGSEND = YES;
				GCC_C_LANGUAGE_STANDARD = gnu99;
				GCC_NO_COMMON_BLOCKS = YES;
				GCC_WARN_64_TO_32_BIT_CONVERSION = YES;
				GCC_WARN_ABOUT_RETURN_TYPE = YES_ERROR;
				GCC_WARN_UNDECLARED_SELECTOR = YES;
				GCC_WARN_UNINITIALIZED_AUTOS = YES_AGGRESSIVE;
				GCC_WARN_UNUSED_FUNCTION = YES;
				GCC_WARN_UNUSED_VARIABLE = YES;
				MACOSX_DEPLOYMENT_TARGET = 10.11;
				MTL_ENABLE_DEBUG_INFO = NO;
				SDKROOT = macosx;
			};
			name = Release;
		};
		0F16994E1C083D8A00EFB66A /* Debug */ = {
			isa = XCBuildConfiguration;
			buildSettings = {
				PRODUCT_NAME = "$(TARGET_NAME)";
			};
			name = Debug;
		};
		0F16994F1C083D8A00EFB66A /* Release */ = {
			isa = XCBuildConfiguration;
			buildSettings = {
				PRODUCT_NAME = "$(TARGET_NAME)";
			};
			name = Release;
		};
/* End XCBuildConfiguration section */

/* Begin XCConfigurationList section */
		0F1699411C083D8A00EFB66A /* Build configuration list for PBXProject "c_3(作业)" */ = {
			isa = XCConfigurationList;
			buildConfigurations = (
				0F16994B1C083D8A00EFB66A /* Debug */,
				0F16994C1C083D8A00EFB66A /* Release */,
			);
			defaultConfigurationIsVisible = 0;
			defaultConfigurationName = Release;
		};
		0F16994D1C083D8A00EFB66A /* Build configuration list for PBXNativeTarget "c_3(作业)" */ = {
			isa = XCConfigurationList;
			buildConfigurations = (
				0F16994E1C083D8A00EFB66A /* Debug */,
				0F16994F1C083D8A00EFB66A /* Release */,
			);
			defaultConfigurationIsVisible = 0;
		};
/* End XCConfigurationList section */
	};
	rootObject = 0F16993E1C083D8A00EFB66A /* Project object */;
}
